lockfileVersion: '9.0'

settings:
  autoInstallPeers: true
  excludeLinksFromLockfile: false

importers:

  .:
    dependencies:
      zod:
        specifier: ^4.4.3
        version: 4.5.4
    devDependencies:
      '@deepseek-ai/dsh-home-paths':
        specifier: ^0.1.1-rc.2
        version: 0.1.1-rc.2(@deepseek-ai/cordis@4.0.1)(@deepseek-ai/dsh-invariants@0.1.1-rc.2(@deepseek-ai/cordis@4.0.1))
      '@deepseek-ai/dsh-llm':
        specifier: ^0.1.1-rc.2
        version: 0.1.1-rc.2(@deepseek-ai/cordis@4.0.1)(@deepseek-ai/dsh-attachment@0.1.1-rc.2(@deepseek-ai/cordis@4.0.1)(@deepseek-ai/dsh-brand@0.1.1-rc.2(@deepseek-ai/cordis@4.0.1)(@deepseek-ai/dsh-invariants@0.1.1-rc.2(@deepseek-ai/cordis@4.0.1)))(@deepseek-ai/dsh-invariants@0.1.1-rc.2(@deepseek-ai/cordis@4.0.1)))(@deepseek-ai/dsh-brand@0.1.1-rc.2(@deepseek-ai/cordis@4.0.1)(@deepseek-ai/dsh-invariants@0.1.1-rc.2(@deepseek-ai/cordis@4.0.1)))(@deepseek-ai/dsh-invariants@0.1.1-rc.2(@deepseek-ai/cordis@4.0.1))(@deepseek-ai/dsh-timeout@0.1.1-rc.2(@deepseek-ai/cordis@4.0.1)(@deepseek-ai/dsh-invariants@0.1.1-rc.2(@deepseek-ai/cordis@4.0.1)))
      react:
        specifier: ^19.2.8
        version: 19.3.0
      react-dom:
        specifier: ^19.2.8
        version: 19.3.0(react@19.3.0)

packages:

  '@deepseek-ai/cordis@4.0.1':
    resolution: {integrity: sha512-YBdskTU2Po1kru3GgcUWUbkTsPMA9LkSQDAY8rBkFJeajdgcQad3QPJZE26JyK99Xb6HaASvoXg2DSUTeN/0Nw==}
    hasBin: true
    peerDependencies:
      '@deepseek-ai/cordis-plugin-include': ^1.0.6
      '@deepseek-ai/cordis-plugin-loader': ^1.0.2
    peerDependenciesMeta:
      '@deepseek-ai/cordis-plugin-include':
        optional: true
      '@deepseek-ai/cordis-plugin-loader':
        optional: true

  '@deepseek-ai/cosmokit@1.8.2':
    resolution: {integrity: sha512-muBOKtSrUKU5m/xpq8ZXWL6hQ/jgd4PhU2PqH97bcxIiLEJfNwZOGQEx4t/aS/GgxRAR+ra9pMHPMtTHU4sqqA==}

  '@deepseek-ai/dsh-attachment@0.1.1-rc.2':
    resolution: {integrity: sha512-rCYAt8QsawP1yfDCU7XxNwYT/XWvyFsxYrkwhLLkdfW83QVD0CQHizSkTQE7RFX74nKUD1z3sTLfnLr7xneArw==}
    peerDependencies:
      '@deepseek-ai/cordis': ^4.0.1
      '@deepseek-ai/dsh-brand': ^0.1.1-rc.2
      '@deepseek-ai/dsh-invariants': ^0.1.1-rc.2

  '@deepseek-ai/dsh-brand@0.1.1-rc.2':
    resolution: {integrity: sha512-8vXsAXoUdzKAgvd/E9DgyT6HKmR6ZM4rtJ3fs/XoJ6n2kBk4tWil8Lv+jxCMWJeMOnTJF55gu2+NWQ3ECFPtJw==}
    peerDependencies:
      '@deepseek-ai/cordis': ^4.0.1
      '@deepseek-ai/dsh-invariants': ^0.1.1-rc.2

  '@deepseek-ai/dsh-home-paths@0.1.1-rc.2':
    resolution: {integrity: sha512-lGsP7sbnu20AiRAb+gxYiKx9oa9r1D/8Fr6BwWHXpaPx6ZE4Qg0+ybh5SZVfGQ+XhLcQisu3nwWemEjtTJGiig==}
    peerDependencies:
      '@deepseek-ai/cordis': ^4.0.1
      '@deepseek-ai/dsh-invariants': ^0.1.1-rc.2

  '@deepseek-ai/dsh-invariants@0.1.1-rc.2':
    resolution: {integrity: sha512-l+1Om/EDFyMjhgSuEx2WDLLA2fia/+ga9mBTCoT/MMslsnWaK5G0/lWwbwlTBSaJ6OfmYc3DuBgox8DbgIGHRQ==}
    peerDependencies:
      '@deepseek-ai/cordis': ^4.0.1

  '@deepseek-ai/dsh-llm@0.1.1-rc.2':
    resolution: {integrity: sha512-ASJfjIdZbIXvLwi3rGo+eZb/GxMVV/WO5/XVD3B96mT8EIzrlw3+nMR6/CvmJVzcycKQ2XN0wj7jD6TasPRySA==}
    peerDependencies:
      '@deepseek-ai/cordis': ^4.0.1
      '@deepseek-ai/dsh-attachment': ^0.1.1-rc.2
      '@deepseek-ai/dsh-brand': ^0.1.1-rc.2
      '@deepseek-ai/dsh-invariants': ^0.1.1-rc.2
      '@deepseek-ai/dsh-timeout': ^0.1.1-rc.2

  '@deepseek-ai/dsh-timeout@0.1.1-rc.2':
    resolution: {integrity: sha512-RrouVgU3G5gXr9zHhpThkMG6YKdcRJzXXdPm1dq3ioBxbvxlfMSfNY4tN8lWMJxLyGtvWkPra0HQX+YWxvdOOA==}
    peerDependencies:
      '@deepseek-ai/cordis': ^4.0.1
      '@deepseek-ai/dsh-invariants': ^0.1.1-rc.2

  '@deepseek-ai/schemastery@3.18.1':
    resolution: {integrity: sha512-Qn0FCSwCQnpnj6SB31I6i2sIKgKWnkbJM8O0EU91Gv2UsYVvtZTl6IA0sCwk2e2MZf5S8w5hpq9QkeVvK9qwxg==}

  '@standard-schema/spec@1.1.0':
    resolution: {integrity: sha512-l2aFy5jALhniG5HgqrD6jXLi/rUWrKvqN/qJx6yoJsgKhblVd+iqqU4RCXavm/jPityDo5TCvKMnpjKnOriy0w==}

  react-dom@19.3.0:
    resolution: {integrity: sha512-JDk8dgif51OjFoDE70+OT9ICyYr+69HlmihNwp1+Nsfbna3t5sIiCa9ZJktDmQ4/1b/rn26hIAR2uYXDMr5r0Q==}
    peerDependencies:
      react: ^19.3.0

  react@19.3.0:
    resolution: {integrity: sha512-E8LUcbtBWt20bbl2YoHfx4ZDBdxVTfOKtCZn9cDSJ4l6/nuoApcpIBcj47t2wZoVX8g2ZHuMHbiShgCR1T5Sog==}
    engines: {node: '>=0.10.0'}

  scheduler@0.28.0:
    resolution: {integrity: sha512-juorfCmIkIw8tT+p5BXSm6PJjQF/ycEYmKyzURCIt/RaZIhL+PulbQ9Yu2z1HdOJDdqDTlxA1+xKBmHXJsczAw==}

  zod@4.5.4:
    resolution: {integrity: sha512-sC95tT5iHHH9gtpj6A81kh+NEaRAUFN+qlUPDUbRfOMvNf5QCBqsb3WgvnpVtK5Y+4UfA6KqufotuTvMGiTlsA==}

snapshots:

  '@deepseek-ai/cordis@4.0.1':
    dependencies:
      '@deepseek-ai/cosmokit': 1.8.2
      '@standard-schema/spec': 1.1.0

  '@deepseek-ai/cosmokit@1.8.2': {}

  '@deepseek-ai/dsh-attachment@0.1.1-rc.2(@deepseek-ai/cordis@4.0.1)(@deepseek-ai/dsh-brand@0.1.1-rc.2(@deepseek-ai/cordis@4.0.1)(@deepseek-ai/dsh-invariants@0.1.1-rc.2(@deepseek-ai/cordis@4.0.1)))(@deepseek-ai/dsh-invariants@0.1.1-rc.2(@deepseek-ai/cordis@4.0.1))':
    dependencies:
      '@deepseek-ai/cordis': 4.0.1
      '@deepseek-ai/dsh-brand': 0.1.1-rc.2(@deepseek-ai/cordis@4.0.1)(@deepseek-ai/dsh-invariants@0.1.1-rc.2(@deepseek-ai/cordis@4.0.1))
      '@deepseek-ai/dsh-invariants': 0.1.1-rc.2(@deepseek-ai/cordis@4.0.1)

  '@deepseek-ai/dsh-brand@0.1.1-rc.2(@deepseek-ai/cordis@4.0.1)(@deepseek-ai/dsh-invariants@0.1.1-rc.2(@deepseek-ai/cordis@4.0.1))':
    dependencies:
      '@deepseek-ai/cordis': 4.0.1
      '@deepseek-ai/dsh-invariants': 0.1.1-rc.2(@deepseek-ai/cordis@4.0.1)

  '@deepseek-ai/dsh-home-paths@0.1.1-rc.2(@deepseek-ai/cordis@4.0.1)(@deepseek-ai/dsh-invariants@0.1.1-rc.2(@deepseek-ai/cordis@4.0.1))':
    dependencies:
      '@deepseek-ai/cordis': 4.0.1
      '@deepseek-ai/dsh-invariants': 0.1.1-rc.2(@deepseek-ai/cordis@4.0.1)

  '@deepseek-ai/dsh-invariants@0.1.1-rc.2(@deepseek-ai/cordis@4.0.1)':
    dependencies:
      '@deepseek-ai/cordis': 4.0.1
      '@deepseek-ai/schemastery': 3.18.1

  '@deepseek-ai/dsh-llm@0.1.1-rc.2(@deepseek-ai/cordis@4.0.1)(@deepseek-ai/dsh-attachment@0.1.1-rc.2(@deepseek-ai/cordis@4.0.1)(@deepseek-ai/dsh-brand@0.1.1-rc.2(@deepseek-ai/cordis@4.0.1)(@deepseek-ai/dsh-invariants@0.1.1-rc.2(@deepseek-ai/cordis@4.0.1)))(@deepseek-ai/dsh-invariants@0.1.1-rc.2(@deepseek-ai/cordis@4.0.1)))(@deepseek-ai/dsh-brand@0.1.1-rc.2(@deepseek-ai/cordis@4.0.1)(@deepseek-ai/dsh-invariants@0.1.1-rc.2(@deepseek-ai/cordis@4.0.1)))(@deepseek-ai/dsh-invariants@0.1.1-rc.2(@deepseek-ai/cordis@4.0.1))(@deepseek-ai/dsh-timeout@0.1.1-rc.2(@deepseek-ai/cordis@4.0.1)(@deepseek-ai/dsh-invariants@0.1.1-rc.2(@deepseek-ai/cordis@4.0.1)))':
    dependencies:
      '@deepseek-ai/cordis': 4.0.1
      '@deepseek-ai/dsh-attachment': 0.1.1-rc.2(@deepseek-ai/cordis@4.0.1)(@deepseek-ai/dsh-brand@0.1.1-rc.2(@deepseek-ai/cordis@4.0.1)(@deepseek-ai/dsh-invariants@0.1.1-rc.2(@deepseek-ai/cordis@4.0.1)))(@deepseek-ai/dsh-invariants@0.1.1-rc.2(@deepseek-ai/cordis@4.0.1))
      '@deepseek-ai/dsh-brand': 0.1.1-rc.2(@deepseek-ai/cordis@4.0.1)(@deepseek-ai/dsh-invariants@0.1.1-rc.2(@deepseek-ai/cordis@4.0.1))
      '@deepseek-ai/dsh-invariants': 0.1.1-rc.2(@deepseek-ai/cordis@4.0.1)
      '@deepseek-ai/dsh-timeout': 0.1.1-rc.2(@deepseek-ai/cordis@4.0.1)(@deepseek-ai/dsh-invariants@0.1.1-rc.2(@deepseek-ai/cordis@4.0.1))
      '@deepseek-ai/schemastery': 3.18.1

  '@deepseek-ai/dsh-timeout@0.1.1-rc.2(@deepseek-ai/cordis@4.0.1)(@deepseek-ai/dsh-invariants@0.1.1-rc.2(@deepseek-ai/cordis@4.0.1))':
    dependencies:
      '@deepseek-ai/cordis': 4.0.1
      '@deepseek-ai/dsh-invariants': 0.1.1-rc.2(@deepseek-ai/cordis@4.0.1)

  '@deepseek-ai/schemastery@3.18.1':
    dependencies:
      '@deepseek-ai/cosmokit': 1.8.2
      '@standard-schema/spec': 1.1.0

  '@standard-schema/spec@1.1.0': {}

  react-dom@19.3.0(react@19.3.0):
    dependencies:
      react: 19.3.0
      scheduler: 0.28.0

  react@19.3.0: {}

  scheduler@0.28.0: {}

  zod@4.5.4: {}
